{
  "name": "@showbie/eslint-config",
  "version": "5.0.0",
  "lockfileVersion": 2,
  "requires": true,
  "packages": {
    "": {
      "name": "@showbie/eslint-config",
      "version": "5.0.0",
      "license": "ISC",
      "dependencies": {
        "eslint-config-prettier": "^8.3.0",
        "eslint-plugin-prettier": "^4.0.0"
      },
      "peerDependencies": {
        "eslint": ">=7.28",
        "prettier": ">=2"
      }
    },
    "node_modules/eslint-config-prettier": {
      "version": "8.3.0",
      "resolved": "https://registry.npmjs.org/eslint-config-prettier/-/eslint-config-prettier-8.3.0.tgz",
      "integrity": "sha512-BgZuLUSeKzvlL/VUjx/Yb787VQ26RU3gGjA3iiFvdsp/2bMfVIWUVP7tjxtjS0e+HP409cPlPvNkQloz8C91ew==",
      "bin": {
        "eslint-config-prettier": "bin/cli.js"
      },
      "peerDependencies": {
        "eslint": ">=7.0.0"
      }
    },
    "node_modules/eslint-plugin-prettier": {
      "version": "4.0.0",
      "license": "MIT",
      "dependencies": {
        "prettier-linter-helpers": "^1.0.0"
      },
      "engines": {
        "node": ">=6.0.0"
      },
      "peerDependencies": {
        "eslint": ">=7.28.0",
        "prettier": ">=2.0.0"
      },
      "peerDependenciesMeta": {
        "eslint-config-prettier": {
          "optional": true
        }
      }
    },
    "node_modules/fast-diff": {
      "version": "1.2.0",
      "license": "Apache-2.0"
    },
    "node_modules/prettier-linter-helpers": {
      "version": "1.0.0",
      "license": "MIT",
      "dependencies": {
        "fast-diff": "^1.1.2"
      },
      "engines": {
        "node": ">=6.0.0"
      }
    }
  },
  "dependencies": {
    "eslint-config-prettier": {
      "version": "8.3.0",
      "resolved": "https://registry.npmjs.org/eslint-config-prettier/-/eslint-config-prettier-8.3.0.tgz",
      "integrity": "sha512-BgZuLUSeKzvlL/VUjx/Yb787VQ26RU3gGjA3iiFvdsp/2bMfVIWUVP7tjxtjS0e+HP409cPlPvNkQloz8C91ew=="
    },
    "eslint-plugin-prettier": {
      "version": "4.0.0",
      "requires": {
        "prettier-linter-helpers": "^1.0.0"
      }
    },
    "fast-diff": {
      "version": "1.2.0"
    },
    "prettier-linter-helpers": {
      "version": "1.0.0",
      "requires": {
        "fast-diff": "^1.1.2"
      }
    }
  }
}
